
Microsoft Visual Studio Solution File, Format Version 12.00
# Visual Studio 15
VisualStudioVersion = 15.0.27130.2020
MinimumVisualStudioVersion = 10.0.40219.1
Project("{FAE04EC0-301F-11D3-BF4B-00C04F79EFBC}") = "LmycWebApp", "Lmyc\LmycWebApp.csproj", "{6BEB7670-237D-4C7F-B881-E8C8982F0876}"
EndProject
Project("{FAE04EC0-301F-11D3-BF4B-00C04F79EFBC}") = "LmycDataLib", "LmycDataLib\LmycDataLib.csproj", "{69243F33-9570-4DCF-BD04-78D711FF808C}"
EndProject
Global
	GlobalSection(SolutionConfigurationPlatforms) = preSolution
		Debug|Any CPU = Debug|Any CPU
		Release|Any CPU = Release|Any CPU
	EndGlobalSection
	GlobalSection(ProjectConfigurationPlatforms) = postSolution
		{6BEB7670-237D-4C7F-B881-E8C8982F0876}.Debug|Any CPU.ActiveCfg = Debug|Any CPU
		{6BEB7670-237D-4C7F-B881-E8C8982F0876}.Debug|Any CPU.Build.0 = Debug|Any CPU
		{6BEB7670-237D-4C7F-B881-E8C8982F0876}.Release|Any CPU.ActiveCfg = Release|Any CPU
		{6BEB7670-237D-4C7F-B881-E8C8982F0876}.Release|Any CPU.Build.0 = Release|Any CPU
		{69243F33-9570-4DCF-BD04-78D711FF808C}.Debug|Any CPU.ActiveCfg = Debug|Any CPU
		{69243F33-9570-4DCF-BD04-78D711FF808C}.Debug|Any CPU.Build.0 = Debug|Any CPU
		{69243F33-9570-4DCF-BD04-78D711FF808C}.Release|Any CPU.ActiveCfg = Release|Any CPU
		{69243F33-9570-4DCF-BD04-78D711FF808C}.Release|Any CPU.Build.0 = Release|Any CPU
	EndGlobalSection
	GlobalSection(SolutionProperties) = preSolution
		HideSolutionNode = FALSE
	EndGlobalSection
	GlobalSection(ExtensibilityGlobals) = postSolution
		SolutionGuid = {D43DDFD1-2084-485A-B1C0-F1626D295A23}
	EndGlobalSection
EndGlobal
